
Microsoft Visual Studio Solution File, Format Version 12.00
# Visual Studio Version 17
VisualStudioVersion = 17.8.34330.188
MinimumVisualStudioVersion = 10.0.40219.1
Project("{FAE04EC0-301F-11D3-BF4B-00C04F79EFBC}") = "AoC-2024", "AoC-2024\AoC-2024.csproj", "{18735DDD-2F24-411B-AB0B-D32A81FA6377}"
EndProject
Global
	GlobalSection(SolutionConfigurationPlatforms) = preSolution
		Debug|Any CPU = Debug|Any CPU
		Release|Any CPU = Release|Any CPU
	EndGlobalSection
	GlobalSection(ProjectConfigurationPlatforms) = postSolution
		{18735DDD-2F24-411B-AB0B-D32A81FA6377}.Debug|Any CPU.ActiveCfg = Debug|Any CPU
		{18735DDD-2F24-411B-AB0B-D32A81FA6377}.Debug|Any CPU.Build.0 = Debug|Any CPU
		{18735DDD-2F24-411B-AB0B-D32A81FA6377}.Release|Any CPU.ActiveCfg = Release|Any CPU
		{18735DDD-2F24-411B-AB0B-D32A81FA6377}.Release|Any CPU.Build.0 = Release|Any CPU
	EndGlobalSection
	GlobalSection(SolutionProperties) = preSolution
		HideSolutionNode = FALSE
	EndGlobalSection
	GlobalSection(ExtensibilityGlobals) = postSolution
		SolutionGuid = {995044CC-7C8B-4CD9-8970-6E37CCFCB45A}
	EndGlobalSection
EndGlobal
